<?xml version="1.0" encoding="utf-8"?>
<Project ToolsVersion="4.0" xmlns="http://schemas.microsoft.com/developer/msbuild/2003">
  <ItemGroup>
    <Filter Include="Source Files">
      <UniqueIdentifier>{b242b89a-3d0f-4629-a0af-50c9ce4f885b}</UniqueIdentifier>
      <Extensions>cpp;c;cxx;def;odl;idl;hpj;bat;asm</Extensions>
    </Filter>
    <Filter Include="Header Files">
      <UniqueIdentifier>{a25f77b4-e0b5-44f7-9942-c497b2ddd5a3}</UniqueIdentifier>
      <Extensions>h;hpp;hxx;hm;inl;inc</Extensions>
    </Filter>
    <Filter Include="Resource Files">
      <UniqueIdentifier>{592e1c91-b9b9-40c3-a0f3-95db046f2b3e}</UniqueIdentifier>
      <Extensions>rc;ico;cur;bmp;dlg;rc2;rct;bin;rgs;gif;jpg;jpeg;jpe</Extensions>
    </Filter>
  </ItemGroup>
  <ItemGroup>
    <ClCompile Include="Bitmap.cpp">
      <Filter>Source Files</Filter>
    </ClCompile>
    <ClCompile Include="GameEngine.cpp">
      <Filter>Source Files</Filter>
    </ClCompile>
    <ClCompile Include="SpaceOut.cpp">
      <Filter>Source Files</Filter>
    </ClCompile>
    <ClCompile Include="Sprite.cpp">
      <Filter>Source Files</Filter>
    </ClCompile>
    <ClCompile Include="Level.cpp">
      <Filter>Source Files</Filter>
    </ClCompile>
    <ClCompile Include="Actor.cpp">
      <Filter>Source Files</Filter>
    </ClCompile>
    <ClCompile Include="Gui.cpp">
      <Filter>Source Files</Filter>
    </ClCompile>
    <ClCompile Include="PathFinding.cpp">
      <Filter>Source Files</Filter>
    </ClCompile>
  </ItemGroup>
  <ItemGroup>
    <ClInclude Include="Bitmap.h">
      <Filter>Header Files</Filter>
    </ClInclude>
    <ClInclude Include="GameEngine.h">
      <Filter>Header Files</Filter>
    </ClInclude>
    <ClInclude Include="Resource.h">
      <Filter>Header Files</Filter>
    </ClInclude>
    <ClInclude Include="SpaceOut.h">
      <Filter>Header Files</Filter>
    </ClInclude>
    <ClInclude Include="Sprite.h">
      <Filter>Header Files</Filter>
    </ClInclude>
    <ClInclude Include="Level.h">
      <Filter>Header Files</Filter>
    </ClInclude>
    <ClInclude Include="Actor.h">
      <Filter>Header Files</Filter>
    </ClInclude>
    <ClInclude Include="Gui.h">
      <Filter>Header Files</Filter>
    </ClInclude>
    <ClInclude Include="PathFinding.hpp">
      <Filter>Header Files</Filter>
    </ClInclude>
  </ItemGroup>
  <ItemGroup>
    <Image Include="SpaceOut.ico">
      <Filter>Resource Files</Filter>
    </Image>
    <Image Include="SpaceOut_sm.ico">
      <Filter>Resource Files</Filter>
    </Image>
    <Image Include="assets\sprites\bitmap1.bmp">
      <Filter>Resource Files</Filter>
    </Image>
    <Image Include="assets\sprites\player\player.bmp">
      <Filter>Resource Files</Filter>
    </Image>
    <Image Include="assets\tiles\wall.bmp">
      <Filter>Resource Files</Filter>
    </Image>
    <Image Include="assets\tiles\empty.bmp">
      <Filter>Resource Files</Filter>
    </Image>
    <Image Include="assets\sprites\rock.bmp">
      <Filter>Resource Files</Filter>
    </Image>
    <Image Include="assets\sprites\fireball.bmp">
      <Filter>Resource Files</Filter>
    </Image>
    <Image Include="assets\sprites\flame.bmp">
      <Filter>Resource Files</Filter>
    </Image>
    <Image Include="assets\sprites\gustup.bmp">
      <Filter>Resource Files</Filter>
    </Image>
    <Image Include="assets\sprites\gustdown.bmp">
      <Filter>Resource Files</Filter>
    </Image>
    <Image Include="assets\sprites\gustleft.bmp">
      <Filter>Resource Files</Filter>
    </Image>
    <Image Include="assets\sprites\gustright.bmp">
      <Filter>Resource Files</Filter>
    </Image>
    <Image Include="assets\sprites\mud.bmp">
      <Filter>Resource Files</Filter>
    </Image>
    <Image Include="assets\sprites\water.bmp">
      <Filter>Resource Files</Filter>
    </Image>
    <Image Include="assets\sprites\ice.bmp">
      <Filter>Resource Files</Filter>
    </Image>
    <Image Include="assets\sprites\water_resource.bmp">
      <Filter>Resource Files</Filter>
    </Image>
    <Image Include="assets\sprites\air_resource.bmp">
      <Filter>Resource Files</Filter>
    </Image>
    <Image Include="assets\sprites\earth_resource.bmp">
      <Filter>Resource Files</Filter>
    </Image>
    <Image Include="assets\sprites\fire_resource.bmp">
      <Filter>Resource Files</Filter>
    </Image>
    <Image Include="assets\sprites\player\playermoveup.bmp">
      <Filter>Resource Files</Filter>
    </Image>
    <Image Include="assets\sprites\player\playermovedown.bmp">
      <Filter>Resource Files</Filter>
    </Image>
    <Image Include="assets\sprites\player\playermoveleft.bmp">
      <Filter>Resource Files</Filter>
    </Image>
    <Image Include="assets\sprites\player\playermoveright.bmp">
      <Filter>Resource Files</Filter>
    </Image>
    <Image Include="assets\sprites\player\swingup.bmp">
      <Filter>Resource Files</Filter>
    </Image>
    <Image Include="assets\sprites\player\swingdown.bmp">
      <Filter>Resource Files</Filter>
    </Image>
    <Image Include="assets\sprites\player\swingleft.bmp">
      <Filter>Resource Files</Filter>
    </Image>
    <Image Include="assets\sprites\player\swingright.bmp">
      <Filter>Resource Files</Filter>
    </Image>
    <Image Include="assets\sprites\point.bmp">
      <Filter>Resource Files</Filter>
    </Image>
    <Image Include="assets\sprites\enemy\skullleft.bmp">
      <Filter>Resource Files</Filter>
    </Image>
    <Image Include="assets\sprites\enemy\skullright.bmp">
      <Filter>Resource Files</Filter>
    </Image>
    <Image Include="assets\sprites\enemy\eyeleft.bmp">
      <Filter>Resource Files</Filter>
    </Image>
    <Image Include="assets\sprites\enemy\eyeright.bmp">
      <Filter>Resource Files</Filter>
    </Image>
    <Image Include="assets\sprites\enemy\eyebackleft.bmp">
      <Filter>Resource Files</Filter>
    </Image>
    <Image Include="assets\sprites\enemy\eyebackright.bmp">
      <Filter>Resource Files</Filter>
    </Image>
    <Image Include="assets\sprites\enemy\eyebullet.bmp">
      <Filter>Resource Files</Filter>
    </Image>
    <Image Include="assets\sprites\enemy\slime.bmp">
      <Filter>Resource Files</Filter>
    </Image>
    <Image Include="assets\sprites\enemy\humungousfront.bmp">
      <Filter>Resource Files</Filter>
    </Image>
    <Image Include="assets\sprites\health100.bmp">
      <Filter>Resource Files</Filter>
    </Image>
    <Image Include="assets\sprites\health75.bmp">
      <Filter>Resource Files</Filter>
    </Image>
    <Image Include="assets\sprites\health50.bmp">
      <Filter>Resource Files</Filter>
    </Image>
    <Image Include="assets\sprites\health25.bmp">
      <Filter>Resource Files</Filter>
    </Image>
    <Image Include="assets\sprites\health_orb.bmp">
      <Filter>Resource Files</Filter>
    </Image>
    <Image Include="assets\sprites\water_orb.bmp">
      <Filter>Resource Files</Filter>
    </Image>
    <Image Include="assets\sprites\air_orb.bmp">
      <Filter>Resource Files</Filter>
    </Image>
    <Image Include="assets\sprites\earth_orb.bmp">
      <Filter>Resource Files</Filter>
    </Image>
    <Image Include="assets\sprites\fire_orb.bmp">
      <Filter>Resource Files</Filter>
    </Image>
  </ItemGroup>
  <ItemGroup>
    <ResourceCompile Include="SpaceOut.rc">
      <Filter>Resource Files</Filter>
    </ResourceCompile>
  </ItemGroup>
</Project>